
Microsoft Visual Studio Solution File, Format Version 12.00
Project("{FAE04EC0-301F-11D3-BF4B-00C04F79EFBC}") = "BehaviorTree", "BehaviorTree\BehaviorTree.csproj", "{DED3FCC8-0B9A-45A8-A4B9-6A51AB5968BD}"
EndProject
Global
	GlobalSection(SolutionConfigurationPlatforms) = preSolution
		Debug|Any CPU = Debug|Any CPU
		Release|Any CPU = Release|Any CPU
	EndGlobalSection
	GlobalSection(ProjectConfigurationPlatforms) = postSolution
		{DED3FCC8-0B9A-45A8-A4B9-6A51AB5968BD}.Debug|Any CPU.ActiveCfg = Debug|Any CPU
		{DED3FCC8-0B9A-45A8-A4B9-6A51AB5968BD}.Debug|Any CPU.Build.0 = Debug|Any CPU
		{DED3FCC8-0B9A-45A8-A4B9-6A51AB5968BD}.Release|Any CPU.ActiveCfg = Release|Any CPU
		{DED3FCC8-0B9A-45A8-A4B9-6A51AB5968BD}.Release|Any CPU.Build.0 = Release|Any CPU
	EndGlobalSection
EndGlobal
